// !$*UTF8*$!
{
	archiveVersion = 1;
	classes = {
	};
	objectVersion = 46;
	objects = {

/* Begin PBXBuildFile section */
		C38F67321D7E1011000D1E97 /* AppDelegate.swift in Sources */ = {isa = PBXBuildFile; fileRef = C38F67311D7E1011000D1E97 /* AppDelegate.swift */; };
		C38F67341D7E1011000D1E97 /* ViewController.swift in Sources */ = {isa = PBXBuildFile; fileRef = C38F67331D7E1011000D1E97 /* ViewController.swift */; };
		C38F67371D7E1011000D1E97 /* Main.storyboard in Resources */ = {isa = PBXBuildFile; fileRef = C38F67351D7E1011000D1E97 /* Main.storyboard */; };
		C38F67391D7E1011000D1E97 /* Assets.xcassets in Resources */ = {isa = PBXBuildFile; fileRef = C38F67381D7E1011000D1E97 /* Assets.xcassets */; };
		C38F673C1D7E1011000D1E97 /* LaunchScreen.storyboard in Resources */ = {isa = PBXBuildFile; fileRef = C38F673A1D7E1011000D1E97 /* LaunchScreen.storyboard */; };
		C38F67451D7E1085000D1E97 /* Post.swift in Sources */ = {isa = PBXBuildFile; fileRef = C38F67441D7E1085000D1E97 /* Post.swift */; };
		C38F67481D7E44DF000D1E97 /* PostCell.swift in Sources */ = {isa = PBXBuildFile; fileRef = C38F67471D7E44DF000D1E97 /* PostCell.swift */; };
		C3BDBD651D801D4A00E721D1 /* AddPostVC.swift in Sources */ = {isa = PBXBuildFile; fileRef = C3BDBD641D801D4A00E721D1 /* AddPostVC.swift */; };
		C3BDBD681D8029DF00E721D1 /* DataService.swift in Sources */ = {isa = PBXBuildFile; fileRef = C3BDBD671D8029DF00E721D1 /* DataService.swift */; };
/* End PBXBuildFile section */

/* Begin PBXFileReference section */
		C38F672E1D7E1011000D1E97 /* My-Hood.app */ = {isa = PBXFileReference; explicitFileType = wrapper.application; includeInIndex = 0; path = "My-Hood.app"; sourceTree = BUILT_PRODUCTS_DIR; };
		C38F67311D7E1011000D1E97 /* AppDelegate.swift */ = {isa = PBXFileReference; lastKnownFileType = sourcecode.swift; path = AppDelegate.swift; sourceTree = "<group>"; };
		C38F67331D7E1011000D1E97 /* ViewController.swift */ = {isa = PBXFileReference; lastKnownFileType = sourcecode.swift; name = ViewController.swift; path = "My-Hood/ViewController.swift"; sourceTree = "<group>"; };
		C38F67361D7E1011000D1E97 /* Base */ = {isa = PBXFileReference; lastKnownFileType = file.storyboard; name = Base; path = Base.lproj/Main.storyboard; sourceTree = "<group>"; };
		C38F67381D7E1011000D1E97 /* Assets.xcassets */ = {isa = PBXFileReference; lastKnownFileType = folder.assetcatalog; path = Assets.xcassets; sourceTree = "<group>"; };
		C38F673B1D7E1011000D1E97 /* Base */ = {isa = PBXFileReference; lastKnownFileType = file.storyboard; name = Base; path = Base.lproj/LaunchScreen.storyboard; sourceTree = "<group>"; };
		C38F673D1D7E1011000D1E97 /* Info.plist */ = {isa = PBXFileReference; lastKnownFileType = text.plist.xml; path = Info.plist; sourceTree = "<group>"; };
		C38F67441D7E1085000D1E97 /* Post.swift */ = {isa = PBXFileReference; fileEncoding = 4; lastKnownFileType = sourcecode.swift; path = Post.swift; sourceTree = "<group>"; };
		C38F67471D7E44DF000D1E97 /* PostCell.swift */ = {isa = PBXFileReference; fileEncoding = 4; lastKnownFileType = sourcecode.swift; path = PostCell.swift; sourceTree = "<group>"; };
		C3BDBD641D801D4A00E721D1 /* AddPostVC.swift */ = {isa = PBXFileReference; fileEncoding = 4; lastKnownFileType = sourcecode.swift; path = AddPostVC.swift; sourceTree = "<group>"; };
		C3BDBD671D8029DF00E721D1 /* DataService.swift */ = {isa = PBXFileReference; fileEncoding = 4; lastKnownFileType = sourcecode.swift; path = DataService.swift; sourceTree = "<group>"; };
/* End PBXFileReference section */

/* Begin PBXFrameworksBuildPhase section */
		C38F672B1D7E1011000D1E97 /* Frameworks */ = {
			isa = PBXFrameworksBuildPhase;
			buildActionMask = 2147483647;
			files = (
			);
			runOnlyForDeploymentPostprocessing = 0;
		};
/* End PBXFrameworksBuildPhase section */

/* Begin PBXGroup section */
		C38F67251D7E1011000D1E97 = {
			isa = PBXGroup;
			children = (
				C38F67301D7E1011000D1E97 /* My-Hood */,
				C38F672F1D7E1011000D1E97 /* Products */,
			);
			sourceTree = "<group>";
		};
		C38F672F1D7E1011000D1E97 /* Products */ = {
			isa = PBXGroup;
			children = (
				C38F672E1D7E1011000D1E97 /* My-Hood.app */,
			);
			name = Products;
			sourceTree = "<group>";
		};
		C38F67301D7E1011000D1E97 /* My-Hood */ = {
			isa = PBXGroup;
			children = (
				C3BDBD661D8029C900E721D1 /* Services */,
				C3BDBD631D801CDB00E721D1 /* Controller */,
				C38F67461D7E44BD000D1E97 /* View */,
				C38F67431D7E1072000D1E97 /* Model */,
				C38F67311D7E1011000D1E97 /* AppDelegate.swift */,
				C38F67381D7E1011000D1E97 /* Assets.xcassets */,
				C38F673D1D7E1011000D1E97 /* Info.plist */,
			);
			path = "My-Hood";
			sourceTree = "<group>";
		};
		C38F67431D7E1072000D1E97 /* Model */ = {
			isa = PBXGroup;
			children = (
				C38F67441D7E1085000D1E97 /* Post.swift */,
			);
			name = Model;
			sourceTree = "<group>";
		};
		C38F67461D7E44BD000D1E97 /* View */ = {
			isa = PBXGroup;
			children = (
				C38F67351D7E1011000D1E97 /* Main.storyboard */,
				C38F67471D7E44DF000D1E97 /* PostCell.swift */,
				C38F673A1D7E1011000D1E97 /* LaunchScreen.storyboard */,
			);
			name = View;
			sourceTree = "<group>";
		};
		C3BDBD631D801CDB00E721D1 /* Controller */ = {
			isa = PBXGroup;
			children = (
				C38F67331D7E1011000D1E97 /* ViewController.swift */,
				C3BDBD641D801D4A00E721D1 /* AddPostVC.swift */,
			);
			name = Controller;
			path = ..;
			sourceTree = "<group>";
		};
		C3BDBD661D8029C900E721D1 /* Services */ = {
			isa = PBXGroup;
			children = (
				C3BDBD671D8029DF00E721D1 /* DataService.swift */,
			);
			name = Services;
			sourceTree = "<group>";
		};
/* End PBXGroup section */

/* Begin PBXNativeTarget section */
		C38F672D1D7E1011000D1E97 /* My-Hood */ = {
			isa = PBXNativeTarget;
			buildConfigurationList = C38F67401D7E1011000D1E97 /* Build configuration list for PBXNativeTarget "My-Hood" */;
			buildPhases = (
				C38F672A1D7E1011000D1E97 /* Sources */,
				C38F672B1D7E1011000D1E97 /* Frameworks */,
				C38F672C1D7E1011000D1E97 /* Resources */,
			);
			buildRules = (
			);
			dependencies = (
			);
			name = "My-Hood";
			productName = "My-Hood";
			productReference = C38F672E1D7E1011000D1E97 /* My-Hood.app */;
			productType = "com.apple.product-type.application";
		};
/* End PBXNativeTarget section */

/* Begin PBXProject section */
		C38F67261D7E1011000D1E97 /* Project object */ = {
			isa = PBXProject;
			attributes = {
				LastSwiftUpdateCheck = 0730;
				LastUpgradeCheck = 0730;
				ORGANIZATIONNAME = "Tony Merritt";
				TargetAttributes = {
					C38F672D1D7E1011000D1E97 = {
						CreatedOnToolsVersion = 7.3.1;
					};
				};
			};
			buildConfigurationList = C38F67291D7E1011000D1E97 /* Build configuration list for PBXProject "My-Hood" */;
			compatibilityVersion = "Xcode 3.2";
			developmentRegion = English;
			hasScannedForEncodings = 0;
			knownRegions = (
				en,
				Base,
			);
			mainGroup = C38F67251D7E1011000D1E97;
			productRefGroup = C38F672F1D7E1011000D1E97 /* Products */;
			projectDirPath = "";
			projectRoot = "";
			targets = (
				C38F672D1D7E1011000D1E97 /* My-Hood */,
			);
		};
/* End PBXProject section */

/* Begin PBXResourcesBuildPhase section */
		C38F672C1D7E1011000D1E97 /* Resources */ = {
			isa = PBXResourcesBuildPhase;
			buildActionMask = 2147483647;
			files = (
				C38F673C1D7E1011000D1E97 /* LaunchScreen.storyboard in Resources */,
				C38F67391D7E1011000D1E97 /* Assets.xcassets in Resources */,
				C38F67371D7E1011000D1E97 /* Main.storyboard in Resources */,
			);
			runOnlyForDeploymentPostprocessing = 0;
		};
/* End PBXResourcesBuildPhase section */

/* Begin PBXSourcesBuildPhase section */
		C38F672A1D7E1011000D1E97 /* Sources */ = {
			isa = PBXSourcesBuildPhase;
			buildActionMask = 2147483647;
			files = (
				C38F67451D7E1085000D1E97 /* Post.swift in Sources */,
				C38F67341D7E1011000D1E97 /* ViewController.swift in Sources */,
				C3BDBD651D801D4A00E721D1 /* AddPostVC.swift in Sources */,
				C3BDBD681D8029DF00E721D1 /* DataService.swift in Sources */,
				C38F67321D7E1011000D1E97 /* AppDelegate.swift in Sources */,
				C38F67481D7E44DF000D1E97 /* PostCell.swift in Sources */,
			);
			runOnlyForDeploymentPostprocessing = 0;
		};
/* End PBXSourcesBuildPhase section */

/* Begin PBXVariantGroup section */
		C38F67351D7E1011000D1E97 /* Main.storyboard */ = {
			isa = PBXVariantGroup;
			children = (
				C38F67361D7E1011000D1E97 /* Base */,
			);
			name = Main.storyboard;
			sourceTree = "<group>";
		};
		C38F673A1D7E1011000D1E97 /* LaunchScreen.storyboard */ = {
			isa = PBXVariantGroup;
			children = (
				C38F673B1D7E1011000D1E97 /* Base */,
			);
			name = LaunchScreen.storyboard;
			sourceTree = "<group>";
		};
/* End PBXVariantGroup section */

/* Begin XCBuildConfiguration section */
		C38F673E1D7E1011000D1E97 /* Debug */ = {
			isa = XCBuildConfiguration;
			buildSettings = {
				ALWAYS_SEARCH_USER_PATHS = NO;
				CLANG_ANALYZER_NONNULL = YES;
				CLANG_CXX_LANGUAGE_STANDARD = "gnu++0x";
				CLANG_CXX_LIBRARY = "libc++";
				CLANG_ENABLE_MODULES = YES;
				CLANG_ENABLE_OBJC_ARC = YES;
				CLANG_WARN_BOOL_CONVERSION = YES;
				CLANG_WARN_CONSTANT_CONVERSION = YES;
				CLANG_WARN_DIRECT_OBJC_ISA_USAGE = YES_ERROR;
				CLANG_WARN_EMPTY_BODY = YES;
				CLANG_WARN_ENUM_CONVERSION = YES;
				CLANG_WARN_INT_CONVERSION = YES;
				CLANG_WARN_OBJC_ROOT_CLASS = YES_ERROR;
				CLANG_WARN_UNREACHABLE_CODE = YES;
				CLANG_WARN__DUPLICATE_METHOD_MATCH = YES;
				"CODE_SIGN_IDENTITY[sdk=iphoneos*]" = "iPhone Developer";
				COPY_PHASE_STRIP = NO;
				DEBUG_INFORMATION_FORMAT = dwarf;
				ENABLE_STRICT_OBJC_MSGSEND = YES;
				ENABLE_TESTABILITY = YES;
				GCC_C_LANGUAGE_STANDARD = gnu99;
				GCC_DYNAMIC_NO_PIC = NO;
				GCC_NO_COMMON_BLOCKS = YES;
				GCC_OPTIMIZATION_LEVEL = 0;
				GCC_PREPROCESSOR_DEFINITIONS = (
					"DEBUG=1",
					"$(inherited)",
				);
				GCC_WARN_64_TO_32_BIT_CONVERSION = YES;
				GCC_WARN_ABOUT_RETURN_TYPE = YES_ERROR;
				GCC_WARN_UNDECLARED_SELECTOR = YES;
				GCC_WARN_UNINITIALIZED_AUTOS = YES_AGGRESSIVE;
				GCC_WARN_UNUSED_FUNCTION = YES;
				GCC_WARN_UNUSED_VARIABLE = YES;
				IPHONEOS_DEPLOYMENT_TARGET = 9.3;
				MTL_ENABLE_DEBUG_INFO = YES;
				ONLY_ACTIVE_ARCH = YES;
				SDKROOT = iphoneos;
				SWIFT_OPTIMIZATION_LEVEL = "-Onone";
				TARGETED_DEVICE_FAMILY = "1,2";
			};
			name = Debug;
		};
		C38F673F1D7E1011000D1E97 /* Release */ = {
			isa = XCBuildConfiguration;
			buildSettings = {
				ALWAYS_SEARCH_USER_PATHS = NO;
				CLANG_ANALYZER_NONNULL = YES;
				CLANG_CXX_LANGUAGE_STANDARD = "gnu++0x";
				CLANG_CXX_LIBRARY = "libc++";
				CLANG_ENABLE_MODULES = YES;
				CLANG_ENABLE_OBJC_ARC = YES;
				CLANG_WARN_BOOL_CONVERSION = YES;
				CLANG_WARN_CONSTANT_CONVERSION = YES;
				CLANG_WARN_DIRECT_OBJC_ISA_USAGE = YES_ERROR;
				CLANG_WARN_EMPTY_BODY = YES;
				CLANG_WARN_ENUM_CONVERSION = YES;
				CLANG_WARN_INT_CONVERSION = YES;
				CLANG_WARN_OBJC_ROOT_CLASS = YES_ERROR;
				CLANG_WARN_UNREACHABLE_CODE = YES;
				CLANG_WARN__DUPLICATE_METHOD_MATCH = YES;
				"CODE_SIGN_IDENTITY[sdk=iphoneos*]" = "iPhone Developer";
				COPY_PHASE_STRIP = NO;
				DEBUG_INFORMATION_FORMAT = "dwarf-with-dsym";
				ENABLE_NS_ASSERTIONS = NO;
				ENABLE_STRICT_OBJC_MSGSEND = YES;
				GCC_C_LANGUAGE_STANDARD = gnu99;
				GCC_NO_COMMON_BLOCKS = YES;
				GCC_WARN_64_TO_32_BIT_CONVERSION = YES;
				GCC_WARN_ABOUT_RETURN_TYPE = YES_ERROR;
				GCC_WARN_UNDECLARED_SELECTOR = YES;
				GCC_WARN_UNINITIALIZED_AUTOS = YES_AGGRESSIVE;
				GCC_WARN_UNUSED_FUNCTION = YES;
				GCC_WARN_UNUSED_VARIABLE = YES;
				IPHONEOS_DEPLOYMENT_TARGET = 9.3;
				MTL_ENABLE_DEBUG_INFO = NO;
				SDKROOT = iphoneos;
				TARGETED_DEVICE_FAMILY = "1,2";
				VALIDATE_PRODUCT = YES;
			};
			name = Release;
		};
		C38F67411D7E1011000D1E97 /* Debug */ = {
			isa = XCBuildConfiguration;
			buildSettings = {
				ASSETCATALOG_COMPILER_APPICON_NAME = AppIcon;
				INFOPLIST_FILE = "My-Hood/Info.plist";
				LD_RUNPATH_SEARCH_PATHS = "$(inherited) @executable_path/Frameworks";
				PRODUCT_BUNDLE_IDENTIFIER = "uk.TonyMerritt.My-Hood";
				PRODUCT_NAME = "$(TARGET_NAME)";
			};
			name = Debug;
		};
		C38F67421D7E1011000D1E97 /* Release */ = {
			isa = XCBuildConfiguration;
			buildSettings = {
				ASSETCATALOG_COMPILER_APPICON_NAME = AppIcon;
				INFOPLIST_FILE = "My-Hood/Info.plist";
				LD_RUNPATH_SEARCH_PATHS = "$(inherited) @executable_path/Frameworks";
				PRODUCT_BUNDLE_IDENTIFIER = "uk.TonyMerritt.My-Hood";
				PRODUCT_NAME = "$(TARGET_NAME)";
			};
			name = Release;
		};
/* End XCBuildConfiguration section */

/* Begin XCConfigurationList section */
		C38F67291D7E1011000D1E97 /* Build configuration list for PBXProject "My-Hood" */ = {
			isa = XCConfigurationList;
			buildConfigurations = (
				C38F673E1D7E1011000D1E97 /* Debug */,
				C38F673F1D7E1011000D1E97 /* Release */,
			);
			defaultConfigurationIsVisible = 0;
			defaultConfigurationName = Release;
		};
		C38F67401D7E1011000D1E97 /* Build configuration list for PBXNativeTarget "My-Hood" */ = {
			isa = XCConfigurationList;
			buildConfigurations = (
				C38F67411D7E1011000D1E97 /* Debug */,
				C38F67421D7E1011000D1E97 /* Release */,
			);
			defaultConfigurationIsVisible = 0;
			defaultConfigurationName = Release;
		};
/* End XCConfigurationList section */
	};
	rootObject = C38F67261D7E1011000D1E97 /* Project object */;
}
